
Microsoft Visual Studio Solution File, Format Version 12.00
# Visual Studio Version 17
VisualStudioVersion = 17.11.35327.3
MinimumVisualStudioVersion = 10.0.40219.1
Project("{FAE04EC0-301F-11D3-BF4B-00C04F79EFBC}") = "QLKS", "QLKS\QLKS.csproj", "{B2851973-2052-4F9F-909E-A81871161552}"
EndProject
Global
	GlobalSection(SolutionConfigurationPlatforms) = preSolution
		Debug|Any CPU = Debug|Any CPU
		Release|Any CPU = Release|Any CPU
	EndGlobalSection
	GlobalSection(ProjectConfigurationPlatforms) = postSolution
		{B2851973-2052-4F9F-909E-A81871161552}.Debug|Any CPU.ActiveCfg = Debug|Any CPU
		{B2851973-2052-4F9F-909E-A81871161552}.Debug|Any CPU.Build.0 = Debug|Any CPU
		{B2851973-2052-4F9F-909E-A81871161552}.Release|Any CPU.ActiveCfg = Release|Any CPU
		{B2851973-2052-4F9F-909E-A81871161552}.Release|Any CPU.Build.0 = Release|Any CPU
	EndGlobalSection
	GlobalSection(SolutionProperties) = preSolution
		HideSolutionNode = FALSE
	EndGlobalSection
	GlobalSection(ExtensibilityGlobals) = postSolution
		SolutionGuid = {BEF94BCC-75DF-4592-A9A1-0718EA001760}
	EndGlobalSection
EndGlobal
